
Microsoft Visual Studio Solution File, Format Version 12.00
# Visual Studio Version 17
VisualStudioVersion = 17.14.36327.8
MinimumVisualStudioVersion = 10.0.40219.1
Project("{FAE04EC0-301F-11D3-BF4B-00C04F79EFBC}") = "Projet_Banque", "Projet_Banque\Projet_Banque.csproj", "{60D5CE5A-1BD5-489D-BAAE-4490CB2CE9FC}"
EndProject
Project("{FAE04EC0-301F-11D3-BF4B-00C04F79EFBC}") = "Projet_Banque.Core", "Projet_Banque.Core\Projet_Banque.Core.csproj", "{FA4ACC82-16EA-4485-A639-F89B3C6AB22B}"
EndProject
Project("{FAE04EC0-301F-11D3-BF4B-00C04F79EFBC}") = "Projet_Banque.Tests", "Projet_Banque.Tests\Projet_Banque.Tests.csproj", "{EA570A0C-7A7B-473F-97DF-7E3399507629}"
EndProject
Global
	GlobalSection(SolutionConfigurationPlatforms) = preSolution
		Debug|Any CPU = Debug|Any CPU
		Release|Any CPU = Release|Any CPU
	EndGlobalSection
	GlobalSection(ProjectConfigurationPlatforms) = postSolution
		{60D5CE5A-1BD5-489D-BAAE-4490CB2CE9FC}.Debug|Any CPU.ActiveCfg = Debug|Any CPU
		{60D5CE5A-1BD5-489D-BAAE-4490CB2CE9FC}.Debug|Any CPU.Build.0 = Debug|Any CPU
		{60D5CE5A-1BD5-489D-BAAE-4490CB2CE9FC}.Release|Any CPU.ActiveCfg = Release|Any CPU
		{60D5CE5A-1BD5-489D-BAAE-4490CB2CE9FC}.Release|Any CPU.Build.0 = Release|Any CPU
		{FA4ACC82-16EA-4485-A639-F89B3C6AB22B}.Debug|Any CPU.ActiveCfg = Debug|Any CPU
		{FA4ACC82-16EA-4485-A639-F89B3C6AB22B}.Debug|Any CPU.Build.0 = Debug|Any CPU
		{FA4ACC82-16EA-4485-A639-F89B3C6AB22B}.Release|Any CPU.ActiveCfg = Release|Any CPU
		{FA4ACC82-16EA-4485-A639-F89B3C6AB22B}.Release|Any CPU.Build.0 = Release|Any CPU
		{EA570A0C-7A7B-473F-97DF-7E3399507629}.Debug|Any CPU.ActiveCfg = Debug|Any CPU
		{EA570A0C-7A7B-473F-97DF-7E3399507629}.Debug|Any CPU.Build.0 = Debug|Any CPU
		{EA570A0C-7A7B-473F-97DF-7E3399507629}.Release|Any CPU.ActiveCfg = Release|Any CPU
		{EA570A0C-7A7B-473F-97DF-7E3399507629}.Release|Any CPU.Build.0 = Release|Any CPU
	EndGlobalSection
	GlobalSection(SolutionProperties) = preSolution
		HideSolutionNode = FALSE
	EndGlobalSection
	GlobalSection(ExtensibilityGlobals) = postSolution
		SolutionGuid = {94A2F77A-E43F-4F33-83A4-6746371204B6}
	EndGlobalSection
EndGlobal
